
Microsoft Visual Studio Solution File, Format Version 12.00
# Visual Studio Version 17
VisualStudioVersion = 17.7.34031.279
MinimumVisualStudioVersion = 10.0.40219.1
Project("{FAE04EC0-301F-11D3-BF4B-00C04F79EFBC}") = "MambaApi", "MambaApi\MambaApi.csproj", "{09EB69D7-87EF-4685-8DB4-81B5AE61B614}"
EndProject
Global
	GlobalSection(SolutionConfigurationPlatforms) = preSolution
		Debug|Any CPU = Debug|Any CPU
		Release|Any CPU = Release|Any CPU
	EndGlobalSection
	GlobalSection(ProjectConfigurationPlatforms) = postSolution
		{09EB69D7-87EF-4685-8DB4-81B5AE61B614}.Debug|Any CPU.ActiveCfg = Debug|Any CPU
		{09EB69D7-87EF-4685-8DB4-81B5AE61B614}.Debug|Any CPU.Build.0 = Debug|Any CPU
		{09EB69D7-87EF-4685-8DB4-81B5AE61B614}.Release|Any CPU.ActiveCfg = Release|Any CPU
		{09EB69D7-87EF-4685-8DB4-81B5AE61B614}.Release|Any CPU.Build.0 = Release|Any CPU
	EndGlobalSection
	GlobalSection(SolutionProperties) = preSolution
		HideSolutionNode = FALSE
	EndGlobalSection
	GlobalSection(ExtensibilityGlobals) = postSolution
		SolutionGuid = {75928A21-70D6-48CF-9301-CAEF040399AE}
	EndGlobalSection
EndGlobal
